// !$*UTF8*$!
{
	archiveVersion = 1;
	classes = {
	};
	objectVersion = 48;
	objects = {

/* Begin PBXBuildFile section */
		1B8B9CDE9C1F8B6A6FBCB856 /* Pods_TwitterPhotoAppUITests.framework in Frameworks */ = {isa = PBXBuildFile; fileRef = 2A353F16AD803C491ECA800B /* Pods_TwitterPhotoAppUITests.framework */; };
		63E4E62C5112DA4108DE3EFA /* Pods_TwitterPhotoApp.framework in Frameworks */ = {isa = PBXBuildFile; fileRef = 460C019080A32718E52B71F9 /* Pods_TwitterPhotoApp.framework */; };
		BE8329646DB0830381E81213 /* Pods_TwitterPhotoAppTests.framework in Frameworks */ = {isa = PBXBuildFile; fileRef = 3650F74C6ACDC03A6CBF0A34 /* Pods_TwitterPhotoAppTests.framework */; };
		C099043A1FB6E1F100722361 /* AppDelegate.swift in Sources */ = {isa = PBXBuildFile; fileRef = C09904391FB6E1F100722361 /* AppDelegate.swift */; };
		C099043C1FB6E1F100722361 /* LoginViewController.swift in Sources */ = {isa = PBXBuildFile; fileRef = C099043B1FB6E1F100722361 /* LoginViewController.swift */; };
		C099043F1FB6E1F100722361 /* Main.storyboard in Resources */ = {isa = PBXBuildFile; fileRef = C099043D1FB6E1F100722361 /* Main.storyboard */; };
		C09904411FB6E1F100722361 /* Assets.xcassets in Resources */ = {isa = PBXBuildFile; fileRef = C09904401FB6E1F100722361 /* Assets.xcassets */; };
		C09904441FB6E1F100722361 /* LaunchScreen.storyboard in Resources */ = {isa = PBXBuildFile; fileRef = C09904421FB6E1F100722361 /* LaunchScreen.storyboard */; };
		C099044F1FB6E1F100722361 /* TwitterPhotoAppTests.swift in Sources */ = {isa = PBXBuildFile; fileRef = C099044E1FB6E1F100722361 /* TwitterPhotoAppTests.swift */; };
		C099045A1FB6E1F100722361 /* TwitterPhotoAppUITests.swift in Sources */ = {isa = PBXBuildFile; fileRef = C09904591FB6E1F100722361 /* TwitterPhotoAppUITests.swift */; };
		C0E2C0061FB70CB80056B1E9 /* TopViewController.swift in Sources */ = {isa = PBXBuildFile; fileRef = C0E2C0051FB70CB80056B1E9 /* TopViewController.swift */; };
		C0E2C00B1FB733D60056B1E9 /* TwitterTools.swift in Sources */ = {isa = PBXBuildFile; fileRef = C0E2C00A1FB733D60056B1E9 /* TwitterTools.swift */; };
/* End PBXBuildFile section */

/* Begin PBXContainerItemProxy section */
		C099044B1FB6E1F100722361 /* PBXContainerItemProxy */ = {
			isa = PBXContainerItemProxy;
			containerPortal = C099042E1FB6E1F100722361 /* Project object */;
			proxyType = 1;
			remoteGlobalIDString = C09904351FB6E1F100722361;
			remoteInfo = TwitterPhotoApp;
		};
		C09904561FB6E1F100722361 /* PBXContainerItemProxy */ = {
			isa = PBXContainerItemProxy;
			containerPortal = C099042E1FB6E1F100722361 /* Project object */;
			proxyType = 1;
			remoteGlobalIDString = C09904351FB6E1F100722361;
			remoteInfo = TwitterPhotoApp;
		};
/* End PBXContainerItemProxy section */

/* Begin PBXFileReference section */
		2A353F16AD803C491ECA800B /* Pods_TwitterPhotoAppUITests.framework */ = {isa = PBXFileReference; explicitFileType = wrapper.framework; includeInIndex = 0; path = Pods_TwitterPhotoAppUITests.framework; sourceTree = BUILT_PRODUCTS_DIR; };
		3650F74C6ACDC03A6CBF0A34 /* Pods_TwitterPhotoAppTests.framework */ = {isa = PBXFileReference; explicitFileType = wrapper.framework; includeInIndex = 0; path = Pods_TwitterPhotoAppTests.framework; sourceTree = BUILT_PRODUCTS_DIR; };
		460C019080A32718E52B71F9 /* Pods_TwitterPhotoApp.framework */ = {isa = PBXFileReference; explicitFileType = wrapper.framework; includeInIndex = 0; path = Pods_TwitterPhotoApp.framework; sourceTree = BUILT_PRODUCTS_DIR; };
		4BDE519E4451F9A0C4EEAAE5 /* Pods-TwitterPhotoApp.release.xcconfig */ = {isa = PBXFileReference; includeInIndex = 1; lastKnownFileType = text.xcconfig; name = "Pods-TwitterPhotoApp.release.xcconfig"; path = "Pods/Target Support Files/Pods-TwitterPhotoApp/Pods-TwitterPhotoApp.release.xcconfig"; sourceTree = "<group>"; };
		6530B9D654707D9E1624D1BD /* Pods-TwitterPhotoAppTests.release.xcconfig */ = {isa = PBXFileReference; includeInIndex = 1; lastKnownFileType = text.xcconfig; name = "Pods-TwitterPhotoAppTests.release.xcconfig"; path = "Pods/Target Support Files/Pods-TwitterPhotoAppTests/Pods-TwitterPhotoAppTests.release.xcconfig"; sourceTree = "<group>"; };
		7FAA6874E3F0E70C76FB4187 /* Pods-TwitterPhotoAppUITests.release.xcconfig */ = {isa = PBXFileReference; includeInIndex = 1; lastKnownFileType = text.xcconfig; name = "Pods-TwitterPhotoAppUITests.release.xcconfig"; path = "Pods/Target Support Files/Pods-TwitterPhotoAppUITests/Pods-TwitterPhotoAppUITests.release.xcconfig"; sourceTree = "<group>"; };
		C09904361FB6E1F100722361 /* TwitterPhotoApp.app */ = {isa = PBXFileReference; explicitFileType = wrapper.application; includeInIndex = 0; path = TwitterPhotoApp.app; sourceTree = BUILT_PRODUCTS_DIR; };
		C09904391FB6E1F100722361 /* AppDelegate.swift */ = {isa = PBXFileReference; lastKnownFileType = sourcecode.swift; path = AppDelegate.swift; sourceTree = "<group>"; };
		C099043B1FB6E1F100722361 /* LoginViewController.swift */ = {isa = PBXFileReference; lastKnownFileType = sourcecode.swift; path = LoginViewController.swift; sourceTree = "<group>"; };
		C099043E1FB6E1F100722361 /* Base */ = {isa = PBXFileReference; lastKnownFileType = file.storyboard; name = Base; path = Base.lproj/Main.storyboard; sourceTree = "<group>"; };
		C09904401FB6E1F100722361 /* Assets.xcassets */ = {isa = PBXFileReference; lastKnownFileType = folder.assetcatalog; path = Assets.xcassets; sourceTree = "<group>"; };
		C09904431FB6E1F100722361 /* Base */ = {isa = PBXFileReference; lastKnownFileType = file.storyboard; name = Base; path = Base.lproj/LaunchScreen.storyboard; sourceTree = "<group>"; };
		C09904451FB6E1F100722361 /* Info.plist */ = {isa = PBXFileReference; lastKnownFileType = text.plist.xml; path = Info.plist; sourceTree = "<group>"; };
		C099044A1FB6E1F100722361 /* TwitterPhotoAppTests.xctest */ = {isa = PBXFileReference; explicitFileType = wrapper.cfbundle; includeInIndex = 0; path = TwitterPhotoAppTests.xctest; sourceTree = BUILT_PRODUCTS_DIR; };
		C099044E1FB6E1F100722361 /* TwitterPhotoAppTests.swift */ = {isa = PBXFileReference; lastKnownFileType = sourcecode.swift; path = TwitterPhotoAppTests.swift; sourceTree = "<group>"; };
		C09904501FB6E1F100722361 /* Info.plist */ = {isa = PBXFileReference; lastKnownFileType = text.plist.xml; path = Info.plist; sourceTree = "<group>"; };
		C09904551FB6E1F100722361 /* TwitterPhotoAppUITests.xctest */ = {isa = PBXFileReference; explicitFileType = wrapper.cfbundle; includeInIndex = 0; path = TwitterPhotoAppUITests.xctest; sourceTree = BUILT_PRODUCTS_DIR; };
		C09904591FB6E1F100722361 /* TwitterPhotoAppUITests.swift */ = {isa = PBXFileReference; lastKnownFileType = sourcecode.swift; path = TwitterPhotoAppUITests.swift; sourceTree = "<group>"; };
		C099045B1FB6E1F100722361 /* Info.plist */ = {isa = PBXFileReference; lastKnownFileType = text.plist.xml; path = Info.plist; sourceTree = "<group>"; };
		C0E2C0051FB70CB80056B1E9 /* TopViewController.swift */ = {isa = PBXFileReference; lastKnownFileType = sourcecode.swift; path = TopViewController.swift; sourceTree = "<group>"; };
		C0E2C00A1FB733D60056B1E9 /* TwitterTools.swift */ = {isa = PBXFileReference; lastKnownFileType = sourcecode.swift; path = TwitterTools.swift; sourceTree = "<group>"; };
		D2DA8EDCCCDD4151AAE14A1A /* Pods-TwitterPhotoAppTests.debug.xcconfig */ = {isa = PBXFileReference; includeInIndex = 1; lastKnownFileType = text.xcconfig; name = "Pods-TwitterPhotoAppTests.debug.xcconfig"; path = "Pods/Target Support Files/Pods-TwitterPhotoAppTests/Pods-TwitterPhotoAppTests.debug.xcconfig"; sourceTree = "<group>"; };
		E858153E65E3A339632D5CF2 /* Pods-TwitterPhotoApp.debug.xcconfig */ = {isa = PBXFileReference; includeInIndex = 1; lastKnownFileType = text.xcconfig; name = "Pods-TwitterPhotoApp.debug.xcconfig"; path = "Pods/Target Support Files/Pods-TwitterPhotoApp/Pods-TwitterPhotoApp.debug.xcconfig"; sourceTree = "<group>"; };
		FC2543F688517FD7D4F92863 /* Pods-TwitterPhotoAppUITests.debug.xcconfig */ = {isa = PBXFileReference; includeInIndex = 1; lastKnownFileType = text.xcconfig; name = "Pods-TwitterPhotoAppUITests.debug.xcconfig"; path = "Pods/Target Support Files/Pods-TwitterPhotoAppUITests/Pods-TwitterPhotoAppUITests.debug.xcconfig"; sourceTree = "<group>"; };
/* End PBXFileReference section */

/* Begin PBXFrameworksBuildPhase section */
		C09904331FB6E1F100722361 /* Frameworks */ = {
			isa = PBXFrameworksBuildPhase;
			buildActionMask = 2147483647;
			files = (
				63E4E62C5112DA4108DE3EFA /* Pods_TwitterPhotoApp.framework in Frameworks */,
			);
			runOnlyForDeploymentPostprocessing = 0;
		};
		C09904471FB6E1F100722361 /* Frameworks */ = {
			isa = PBXFrameworksBuildPhase;
			buildActionMask = 2147483647;
			files = (
				BE8329646DB0830381E81213 /* Pods_TwitterPhotoAppTests.framework in Frameworks */,
			);
			runOnlyForDeploymentPostprocessing = 0;
		};
		C09904521FB6E1F100722361 /* Frameworks */ = {
			isa = PBXFrameworksBuildPhase;
			buildActionMask = 2147483647;
			files = (
				1B8B9CDE9C1F8B6A6FBCB856 /* Pods_TwitterPhotoAppUITests.framework in Frameworks */,
			);
			runOnlyForDeploymentPostprocessing = 0;
		};
/* End PBXFrameworksBuildPhase section */

/* Begin PBXGroup section */
		BD8BB3E8DB313C5927A04E41 /* Pods */ = {
			isa = PBXGroup;
			children = (
				E858153E65E3A339632D5CF2 /* Pods-TwitterPhotoApp.debug.xcconfig */,
				4BDE519E4451F9A0C4EEAAE5 /* Pods-TwitterPhotoApp.release.xcconfig */,
				D2DA8EDCCCDD4151AAE14A1A /* Pods-TwitterPhotoAppTests.debug.xcconfig */,
				6530B9D654707D9E1624D1BD /* Pods-TwitterPhotoAppTests.release.xcconfig */,
				FC2543F688517FD7D4F92863 /* Pods-TwitterPhotoAppUITests.debug.xcconfig */,
				7FAA6874E3F0E70C76FB4187 /* Pods-TwitterPhotoAppUITests.release.xcconfig */,
			);
			name = Pods;
			sourceTree = "<group>";
		};
		C099042D1FB6E1F100722361 = {
			isa = PBXGroup;
			children = (
				C09904381FB6E1F100722361 /* TwitterPhotoApp */,
				C099044D1FB6E1F100722361 /* TwitterPhotoAppTests */,
				C09904581FB6E1F100722361 /* TwitterPhotoAppUITests */,
				C09904371FB6E1F100722361 /* Products */,
				BD8BB3E8DB313C5927A04E41 /* Pods */,
				E6D806F86D61C41EC40450BA /* Frameworks */,
			);
			sourceTree = "<group>";
		};
		C09904371FB6E1F100722361 /* Products */ = {
			isa = PBXGroup;
			children = (
				C09904361FB6E1F100722361 /* TwitterPhotoApp.app */,
				C099044A1FB6E1F100722361 /* TwitterPhotoAppTests.xctest */,
				C09904551FB6E1F100722361 /* TwitterPhotoAppUITests.xctest */,
			);
			name = Products;
			sourceTree = "<group>";
		};
		C09904381FB6E1F100722361 /* TwitterPhotoApp */ = {
			isa = PBXGroup;
			children = (
				C0E2C0091FB733970056B1E9 /* Common */,
				C09904391FB6E1F100722361 /* AppDelegate.swift */,
				C099043B1FB6E1F100722361 /* LoginViewController.swift */,
				C0E2C0051FB70CB80056B1E9 /* TopViewController.swift */,
				C099043D1FB6E1F100722361 /* Main.storyboard */,
				C09904401FB6E1F100722361 /* Assets.xcassets */,
				C09904421FB6E1F100722361 /* LaunchScreen.storyboard */,
				C09904451FB6E1F100722361 /* Info.plist */,
			);
			path = TwitterPhotoApp;
			sourceTree = "<group>";
		};
		C099044D1FB6E1F100722361 /* TwitterPhotoAppTests */ = {
			isa = PBXGroup;
			children = (
				C099044E1FB6E1F100722361 /* TwitterPhotoAppTests.swift */,
				C09904501FB6E1F100722361 /* Info.plist */,
			);
			path = TwitterPhotoAppTests;
			sourceTree = "<group>";
		};
		C09904581FB6E1F100722361 /* TwitterPhotoAppUITests */ = {
			isa = PBXGroup;
			children = (
				C09904591FB6E1F100722361 /* TwitterPhotoAppUITests.swift */,
				C099045B1FB6E1F100722361 /* Info.plist */,
			);
			path = TwitterPhotoAppUITests;
			sourceTree = "<group>";
		};
		C0E2C0091FB733970056B1E9 /* Common */ = {
			isa = PBXGroup;
			children = (
				C0E2C00A1FB733D60056B1E9 /* TwitterTools.swift */,
			);
			path = Common;
			sourceTree = "<group>";
		};
		E6D806F86D61C41EC40450BA /* Frameworks */ = {
			isa = PBXGroup;
			children = (
				460C019080A32718E52B71F9 /* Pods_TwitterPhotoApp.framework */,
				3650F74C6ACDC03A6CBF0A34 /* Pods_TwitterPhotoAppTests.framework */,
				2A353F16AD803C491ECA800B /* Pods_TwitterPhotoAppUITests.framework */,
			);
			name = Frameworks;
			sourceTree = "<group>";
		};
/* End PBXGroup section */

/* Begin PBXNativeTarget section */
		C09904351FB6E1F100722361 /* TwitterPhotoApp */ = {
			isa = PBXNativeTarget;
			buildConfigurationList = C099045E1FB6E1F100722361 /* Build configuration list for PBXNativeTarget "TwitterPhotoApp" */;
			buildPhases = (
				4A5F4541533C1B33451F751B /* [CP] Check Pods Manifest.lock */,
				C09904321FB6E1F100722361 /* Sources */,
				C09904331FB6E1F100722361 /* Frameworks */,
				C09904341FB6E1F100722361 /* Resources */,
				6758B41BD9E85DCA99359192 /* [CP] Embed Pods Frameworks */,
				C8F29700702540B4C407EA4B /* [CP] Copy Pods Resources */,
			);
			buildRules = (
			);
			dependencies = (
			);
			name = TwitterPhotoApp;
			productName = TwitterPhotoApp;
			productReference = C09904361FB6E1F100722361 /* TwitterPhotoApp.app */;
			productType = "com.apple.product-type.application";
		};
		C09904491FB6E1F100722361 /* TwitterPhotoAppTests */ = {
			isa = PBXNativeTarget;
			buildConfigurationList = C09904611FB6E1F100722361 /* Build configuration list for PBXNativeTarget "TwitterPhotoAppTests" */;
			buildPhases = (
				5CFB088EDBE820BFF2B37CBD /* [CP] Check Pods Manifest.lock */,
				C09904461FB6E1F100722361 /* Sources */,
				C09904471FB6E1F100722361 /* Frameworks */,
				C09904481FB6E1F100722361 /* Resources */,
				6A334E870735CB4A17A8F6E2 /* [CP] Embed Pods Frameworks */,
				4354374584334062D25781F4 /* [CP] Copy Pods Resources */,
			);
			buildRules = (
			);
			dependencies = (
				C099044C1FB6E1F100722361 /* PBXTargetDependency */,
			);
			name = TwitterPhotoAppTests;
			productName = TwitterPhotoAppTests;
			productReference = C099044A1FB6E1F100722361 /* TwitterPhotoAppTests.xctest */;
			productType = "com.apple.product-type.bundle.unit-test";
		};
		C09904541FB6E1F100722361 /* TwitterPhotoAppUITests */ = {
			isa = PBXNativeTarget;
			buildConfigurationList = C09904641FB6E1F100722361 /* Build configuration list for PBXNativeTarget "TwitterPhotoAppUITests" */;
			buildPhases = (
				94CDC20A1E065CCA44FDA5F0 /* [CP] Check Pods Manifest.lock */,
				C09904511FB6E1F100722361 /* Sources */,
				C09904521FB6E1F100722361 /* Frameworks */,
				C09904531FB6E1F100722361 /* Resources */,
				CCF6F2E36E40DDF48FC4241B /* [CP] Embed Pods Frameworks */,
				75124DE5B5E6BD7DB5BD572E /* [CP] Copy Pods Resources */,
			);
			buildRules = (
			);
			dependencies = (
				C09904571FB6E1F100722361 /* PBXTargetDependency */,
			);
			name = TwitterPhotoAppUITests;
			productName = TwitterPhotoAppUITests;
			productReference = C09904551FB6E1F100722361 /* TwitterPhotoAppUITests.xctest */;
			productType = "com.apple.product-type.bundle.ui-testing";
		};
/* End PBXNativeTarget section */

/* Begin PBXProject section */
		C099042E1FB6E1F100722361 /* Project object */ = {
			isa = PBXProject;
			attributes = {
				LastSwiftUpdateCheck = 0910;
				LastUpgradeCheck = 0910;
				ORGANIZATIONNAME = "Atsuo Yonehara";
				TargetAttributes = {
					C09904351FB6E1F100722361 = {
						CreatedOnToolsVersion = 9.1;
						ProvisioningStyle = Automatic;
					};
					C09904491FB6E1F100722361 = {
						CreatedOnToolsVersion = 9.1;
						ProvisioningStyle = Automatic;
						TestTargetID = C09904351FB6E1F100722361;
					};
					C09904541FB6E1F100722361 = {
						CreatedOnToolsVersion = 9.1;
						ProvisioningStyle = Automatic;
						TestTargetID = C09904351FB6E1F100722361;
					};
				};
			};
			buildConfigurationList = C09904311FB6E1F100722361 /* Build configuration list for PBXProject "TwitterPhotoApp" */;
			compatibilityVersion = "Xcode 8.0";
			developmentRegion = en;
			hasScannedForEncodings = 0;
			knownRegions = (
				en,
				Base,
			);
			mainGroup = C099042D1FB6E1F100722361;
			productRefGroup = C09904371FB6E1F100722361 /* Products */;
			projectDirPath = "";
			projectRoot = "";
			targets = (
				C09904351FB6E1F100722361 /* TwitterPhotoApp */,
				C09904491FB6E1F100722361 /* TwitterPhotoAppTests */,
				C09904541FB6E1F100722361 /* TwitterPhotoAppUITests */,
			);
		};
/* End PBXProject section */

/* Begin PBXResourcesBuildPhase section */
		C09904341FB6E1F100722361 /* Resources */ = {
			isa = PBXResourcesBuildPhase;
			buildActionMask = 2147483647;
			files = (
				C09904441FB6E1F100722361 /* LaunchScreen.storyboard in Resources */,
				C09904411FB6E1F100722361 /* Assets.xcassets in Resources */,
				C099043F1FB6E1F100722361 /* Main.storyboard in Resources */,
			);
			runOnlyForDeploymentPostprocessing = 0;
		};
		C09904481FB6E1F100722361 /* Resources */ = {
			isa = PBXResourcesBuildPhase;
			buildActionMask = 2147483647;
			files = (
			);
			runOnlyForDeploymentPostprocessing = 0;
		};
		C09904531FB6E1F100722361 /* Resources */ = {
			isa = PBXResourcesBuildPhase;
			buildActionMask = 2147483647;
			files = (
			);
			runOnlyForDeploymentPostprocessing = 0;
		};
/* End PBXResourcesBuildPhase section */

/* Begin PBXShellScriptBuildPhase section */
		4354374584334062D25781F4 /* [CP] Copy Pods Resources */ = {
			isa = PBXShellScriptBuildPhase;
			buildActionMask = 2147483647;
			files = (
			);
			inputPaths = (
			);
			name = "[CP] Copy Pods Resources";
			outputPaths = (
			);
			runOnlyForDeploymentPostprocessing = 0;
			shellPath = /bin/sh;
			shellScript = "\"${SRCROOT}/Pods/Target Support Files/Pods-TwitterPhotoAppTests/Pods-TwitterPhotoAppTests-resources.sh\"\n";
			showEnvVarsInLog = 0;
		};
		4A5F4541533C1B33451F751B /* [CP] Check Pods Manifest.lock */ = {
			isa = PBXShellScriptBuildPhase;
			buildActionMask = 2147483647;
			files = (
			);
			inputPaths = (
				"${PODS_PODFILE_DIR_PATH}/Podfile.lock",
				"${PODS_ROOT}/Manifest.lock",
			);
			name = "[CP] Check Pods Manifest.lock";
			outputPaths = (
				"$(DERIVED_FILE_DIR)/Pods-TwitterPhotoApp-checkManifestLockResult.txt",
			);
			runOnlyForDeploymentPostprocessing = 0;
			shellPath = /bin/sh;
			shellScript = "diff \"${PODS_PODFILE_DIR_PATH}/Podfile.lock\" \"${PODS_ROOT}/Manifest.lock\" > /dev/null\nif [ $? != 0 ] ; then\n    # print error to STDERR\n    echo \"error: The sandbox is not in sync with the Podfile.lock. Run 'pod install' or update your CocoaPods installation.\" >&2\n    exit 1\nfi\n# This output is used by Xcode 'outputs' to avoid re-running this script phase.\necho \"SUCCESS\" > \"${SCRIPT_OUTPUT_FILE_0}\"\n";
			showEnvVarsInLog = 0;
		};
		5CFB088EDBE820BFF2B37CBD /* [CP] Check Pods Manifest.lock */ = {
			isa = PBXShellScriptBuildPhase;
			buildActionMask = 2147483647;
			files = (
			);
			inputPaths = (
				"${PODS_PODFILE_DIR_PATH}/Podfile.lock",
				"${PODS_ROOT}/Manifest.lock",
			);
			name = "[CP] Check Pods Manifest.lock";
			outputPaths = (
				"$(DERIVED_FILE_DIR)/Pods-TwitterPhotoAppTests-checkManifestLockResult.txt",
			);
			runOnlyForDeploymentPostprocessing = 0;
			shellPath = /bin/sh;
			shellScript = "diff \"${PODS_PODFILE_DIR_PATH}/Podfile.lock\" \"${PODS_ROOT}/Manifest.lock\" > /dev/null\nif [ $? != 0 ] ; then\n    # print error to STDERR\n    echo \"error: The sandbox is not in sync with the Podfile.lock. Run 'pod install' or update your CocoaPods installation.\" >&2\n    exit 1\nfi\n# This output is used by Xcode 'outputs' to avoid re-running this script phase.\necho \"SUCCESS\" > \"${SCRIPT_OUTPUT_FILE_0}\"\n";
			showEnvVarsInLog = 0;
		};
		6758B41BD9E85DCA99359192 /* [CP] Embed Pods Frameworks */ = {
			isa = PBXShellScriptBuildPhase;
			buildActionMask = 2147483647;
			files = (
			);
			inputPaths = (
			);
			name = "[CP] Embed Pods Frameworks";
			outputPaths = (
			);
			runOnlyForDeploymentPostprocessing = 0;
			shellPath = /bin/sh;
			shellScript = "\"${SRCROOT}/Pods/Target Support Files/Pods-TwitterPhotoApp/Pods-TwitterPhotoApp-frameworks.sh\"\n";
			showEnvVarsInLog = 0;
		};
		6A334E870735CB4A17A8F6E2 /* [CP] Embed Pods Frameworks */ = {
			isa = PBXShellScriptBuildPhase;
			buildActionMask = 2147483647;
			files = (
			);
			inputPaths = (
			);
			name = "[CP] Embed Pods Frameworks";
			outputPaths = (
			);
			runOnlyForDeploymentPostprocessing = 0;
			shellPath = /bin/sh;
			shellScript = "\"${SRCROOT}/Pods/Target Support Files/Pods-TwitterPhotoAppTests/Pods-TwitterPhotoAppTests-frameworks.sh\"\n";
			showEnvVarsInLog = 0;
		};
		75124DE5B5E6BD7DB5BD572E /* [CP] Copy Pods Resources */ = {
			isa = PBXShellScriptBuildPhase;
			buildActionMask = 2147483647;
			files = (
			);
			inputPaths = (
			);
			name = "[CP] Copy Pods Resources";
			outputPaths = (
			);
			runOnlyForDeploymentPostprocessing = 0;
			shellPath = /bin/sh;
			shellScript = "\"${SRCROOT}/Pods/Target Support Files/Pods-TwitterPhotoAppUITests/Pods-TwitterPhotoAppUITests-resources.sh\"\n";
			showEnvVarsInLog = 0;
		};
		94CDC20A1E065CCA44FDA5F0 /* [CP] Check Pods Manifest.lock */ = {
			isa = PBXShellScriptBuildPhase;
			buildActionMask = 2147483647;
			files = (
			);
			inputPaths = (
				"${PODS_PODFILE_DIR_PATH}/Podfile.lock",
				"${PODS_ROOT}/Manifest.lock",
			);
			name = "[CP] Check Pods Manifest.lock";
			outputPaths = (
				"$(DERIVED_FILE_DIR)/Pods-TwitterPhotoAppUITests-checkManifestLockResult.txt",
			);
			runOnlyForDeploymentPostprocessing = 0;
			shellPath = /bin/sh;
			shellScript = "diff \"${PODS_PODFILE_DIR_PATH}/Podfile.lock\" \"${PODS_ROOT}/Manifest.lock\" > /dev/null\nif [ $? != 0 ] ; then\n    # print error to STDERR\n    echo \"error: The sandbox is not in sync with the Podfile.lock. Run 'pod install' or update your CocoaPods installation.\" >&2\n    exit 1\nfi\n# This output is used by Xcode 'outputs' to avoid re-running this script phase.\necho \"SUCCESS\" > \"${SCRIPT_OUTPUT_FILE_0}\"\n";
			showEnvVarsInLog = 0;
		};
		C8F29700702540B4C407EA4B /* [CP] Copy Pods Resources */ = {
			isa = PBXShellScriptBuildPhase;
			buildActionMask = 2147483647;
			files = (
			);
			inputPaths = (
				"${SRCROOT}/Pods/Target Support Files/Pods-TwitterPhotoApp/Pods-TwitterPhotoApp-resources.sh",
				"${PODS_ROOT}/TwitterKit/iOS/TwitterKit.framework/TwitterKitResources.bundle",
				"${PODS_ROOT}/TwitterKit/iOS/TwitterKit.framework/TwitterShareExtensionUIResources.bundle",
			);
			name = "[CP] Copy Pods Resources";
			outputPaths = (
				"${TARGET_BUILD_DIR}/${UNLOCALIZED_RESOURCES_FOLDER_PATH}",
			);
			runOnlyForDeploymentPostprocessing = 0;
			shellPath = /bin/sh;
			shellScript = "\"${SRCROOT}/Pods/Target Support Files/Pods-TwitterPhotoApp/Pods-TwitterPhotoApp-resources.sh\"\n";
			showEnvVarsInLog = 0;
		};
		CCF6F2E36E40DDF48FC4241B /* [CP] Embed Pods Frameworks */ = {
			isa = PBXShellScriptBuildPhase;
			buildActionMask = 2147483647;
			files = (
			);
			inputPaths = (
			);
			name = "[CP] Embed Pods Frameworks";
			outputPaths = (
			);
			runOnlyForDeploymentPostprocessing = 0;
			shellPath = /bin/sh;
			shellScript = "\"${SRCROOT}/Pods/Target Support Files/Pods-TwitterPhotoAppUITests/Pods-TwitterPhotoAppUITests-frameworks.sh\"\n";
			showEnvVarsInLog = 0;
		};
/* End PBXShellScriptBuildPhase section */

/* Begin PBXSourcesBuildPhase section */
		C09904321FB6E1F100722361 /* Sources */ = {
			isa = PBXSourcesBuildPhase;
			buildActionMask = 2147483647;
			files = (
				C0E2C0061FB70CB80056B1E9 /* TopViewController.swift in Sources */,
				C0E2C00B1FB733D60056B1E9 /* TwitterTools.swift in Sources */,
				C099043C1FB6E1F100722361 /* LoginViewController.swift in Sources */,
				C099043A1FB6E1F100722361 /* AppDelegate.swift in Sources */,
			);
			runOnlyForDeploymentPostprocessing = 0;
		};
		C09904461FB6E1F100722361 /* Sources */ = {
			isa = PBXSourcesBuildPhase;
			buildActionMask = 2147483647;
			files = (
				C099044F1FB6E1F100722361 /* TwitterPhotoAppTests.swift in Sources */,
			);
			runOnlyForDeploymentPostprocessing = 0;
		};
		C09904511FB6E1F100722361 /* Sources */ = {
			isa = PBXSourcesBuildPhase;
			buildActionMask = 2147483647;
			files = (
				C099045A1FB6E1F100722361 /* TwitterPhotoAppUITests.swift in Sources */,
			);
			runOnlyForDeploymentPostprocessing = 0;
		};
/* End PBXSourcesBuildPhase section */

/* Begin PBXTargetDependency section */
		C099044C1FB6E1F100722361 /* PBXTargetDependency */ = {
			isa = PBXTargetDependency;
			target = C09904351FB6E1F100722361 /* TwitterPhotoApp */;
			targetProxy = C099044B1FB6E1F100722361 /* PBXContainerItemProxy */;
		};
		C09904571FB6E1F100722361 /* PBXTargetDependency */ = {
			isa = PBXTargetDependency;
			target = C09904351FB6E1F100722361 /* TwitterPhotoApp */;
			targetProxy = C09904561FB6E1F100722361 /* PBXContainerItemProxy */;
		};
/* End PBXTargetDependency section */

/* Begin PBXVariantGroup section */
		C099043D1FB6E1F100722361 /* Main.storyboard */ = {
			isa = PBXVariantGroup;
			children = (
				C099043E1FB6E1F100722361 /* Base */,
			);
			name = Main.storyboard;
			sourceTree = "<group>";
		};
		C09904421FB6E1F100722361 /* LaunchScreen.storyboard */ = {
			isa = PBXVariantGroup;
			children = (
				C09904431FB6E1F100722361 /* Base */,
			);
			name = LaunchScreen.storyboard;
			sourceTree = "<group>";
		};
/* End PBXVariantGroup section */

/* Begin XCBuildConfiguration section */
		C099045C1FB6E1F100722361 /* Debug */ = {
			isa = XCBuildConfiguration;
			buildSettings = {
				ALWAYS_SEARCH_USER_PATHS = NO;
				CLANG_ANALYZER_NONNULL = YES;
				CLANG_ANALYZER_NUMBER_OBJECT_CONVERSION = YES_AGGRESSIVE;
				CLANG_CXX_LANGUAGE_STANDARD = "gnu++14";
				CLANG_CXX_LIBRARY = "libc++";
				CLANG_ENABLE_MODULES = YES;
				CLANG_ENABLE_OBJC_ARC = YES;
				CLANG_WARN_BLOCK_CAPTURE_AUTORELEASING = YES;
				CLANG_WARN_BOOL_CONVERSION = YES;
				CLANG_WARN_COMMA = YES;
				CLANG_WARN_CONSTANT_CONVERSION = YES;
				CLANG_WARN_DIRECT_OBJC_ISA_USAGE = YES_ERROR;
				CLANG_WARN_DOCUMENTATION_COMMENTS = YES;
				CLANG_WARN_EMPTY_BODY = YES;
				CLANG_WARN_ENUM_CONVERSION = YES;
				CLANG_WARN_INFINITE_RECURSION = YES;
				CLANG_WARN_INT_CONVERSION = YES;
				CLANG_WARN_NON_LITERAL_NULL_CONVERSION = YES;
				CLANG_WARN_OBJC_LITERAL_CONVERSION = YES;
				CLANG_WARN_OBJC_ROOT_CLASS = YES_ERROR;
				CLANG_WARN_RANGE_LOOP_ANALYSIS = YES;
				CLANG_WARN_STRICT_PROTOTYPES = YES;
				CLANG_WARN_SUSPICIOUS_MOVE = YES;
				CLANG_WARN_UNGUARDED_AVAILABILITY = YES_AGGRESSIVE;
				CLANG_WARN_UNREACHABLE_CODE = YES;
				CLANG_WARN__DUPLICATE_METHOD_MATCH = YES;
				CODE_SIGN_IDENTITY = "iPhone Developer";
				COPY_PHASE_STRIP = NO;
				DEBUG_INFORMATION_FORMAT = dwarf;
				ENABLE_STRICT_OBJC_MSGSEND = YES;
				ENABLE_TESTABILITY = YES;
				GCC_C_LANGUAGE_STANDARD = gnu11;
				GCC_DYNAMIC_NO_PIC = NO;
				GCC_NO_COMMON_BLOCKS = YES;
				GCC_OPTIMIZATION_LEVEL = 0;
				GCC_PREPROCESSOR_DEFINITIONS = (
					"DEBUG=1",
					"$(inherited)",
				);
				GCC_WARN_64_TO_32_BIT_CONVERSION = YES;
				GCC_WARN_ABOUT_RETURN_TYPE = YES_ERROR;
				GCC_WARN_UNDECLARED_SELECTOR = YES;
				GCC_WARN_UNINITIALIZED_AUTOS = YES_AGGRESSIVE;
				GCC_WARN_UNUSED_FUNCTION = YES;
				GCC_WARN_UNUSED_VARIABLE = YES;
				IPHONEOS_DEPLOYMENT_TARGET = 11.1;
				MTL_ENABLE_DEBUG_INFO = YES;
				ONLY_ACTIVE_ARCH = YES;
				SDKROOT = iphoneos;
				SWIFT_ACTIVE_COMPILATION_CONDITIONS = DEBUG;
				SWIFT_OPTIMIZATION_LEVEL = "-Onone";
			};
			name = Debug;
		};
		C099045D1FB6E1F100722361 /* Release */ = {
			isa = XCBuildConfiguration;
			buildSettings = {
				ALWAYS_SEARCH_USER_PATHS = NO;
				CLANG_ANALYZER_NONNULL = YES;
				CLANG_ANALYZER_NUMBER_OBJECT_CONVERSION = YES_AGGRESSIVE;
				CLANG_CXX_LANGUAGE_STANDARD = "gnu++14";
				CLANG_CXX_LIBRARY = "libc++";
				CLANG_ENABLE_MODULES = YES;
				CLANG_ENABLE_OBJC_ARC = YES;
				CLANG_WARN_BLOCK_CAPTURE_AUTORELEASING = YES;
				CLANG_WARN_BOOL_CONVERSION = YES;
				CLANG_WARN_COMMA = YES;
				CLANG_WARN_CONSTANT_CONVERSION = YES;
				CLANG_WARN_DIRECT_OBJC_ISA_USAGE = YES_ERROR;
				CLANG_WARN_DOCUMENTATION_COMMENTS = YES;
				CLANG_WARN_EMPTY_BODY = YES;
				CLANG_WARN_ENUM_CONVERSION = YES;
				CLANG_WARN_INFINITE_RECURSION = YES;
				CLANG_WARN_INT_CONVERSION = YES;
				CLANG_WARN_NON_LITERAL_NULL_CONVERSION = YES;
				CLANG_WARN_OBJC_LITERAL_CONVERSION = YES;
				CLANG_WARN_OBJC_ROOT_CLASS = YES_ERROR;
				CLANG_WARN_RANGE_LOOP_ANALYSIS = YES;
				CLANG_WARN_STRICT_PROTOTYPES = YES;
				CLANG_WARN_SUSPICIOUS_MOVE = YES;
				CLANG_WARN_UNGUARDED_AVAILABILITY = YES_AGGRESSIVE;
				CLANG_WARN_UNREACHABLE_CODE = YES;
				CLANG_WARN__DUPLICATE_METHOD_MATCH = YES;
				CODE_SIGN_IDENTITY = "iPhone Developer";
				COPY_PHASE_STRIP = NO;
				DEBUG_INFORMATION_FORMAT = "dwarf-with-dsym";
				ENABLE_NS_ASSERTIONS = NO;
				ENABLE_STRICT_OBJC_MSGSEND = YES;
				GCC_C_LANGUAGE_STANDARD = gnu11;
				GCC_NO_COMMON_BLOCKS = YES;
				GCC_WARN_64_TO_32_BIT_CONVERSION = YES;
				GCC_WARN_ABOUT_RETURN_TYPE = YES_ERROR;
				GCC_WARN_UNDECLARED_SELECTOR = YES;
				GCC_WARN_UNINITIALIZED_AUTOS = YES_AGGRESSIVE;
				GCC_WARN_UNUSED_FUNCTION = YES;
				GCC_WARN_UNUSED_VARIABLE = YES;
				IPHONEOS_DEPLOYMENT_TARGET = 11.1;
				MTL_ENABLE_DEBUG_INFO = NO;
				SDKROOT = iphoneos;
				SWIFT_OPTIMIZATION_LEVEL = "-Owholemodule";
				VALIDATE_PRODUCT = YES;
			};
			name = Release;
		};
		C099045F1FB6E1F100722361 /* Debug */ = {
			isa = XCBuildConfiguration;
			baseConfigurationReference = E858153E65E3A339632D5CF2 /* Pods-TwitterPhotoApp.debug.xcconfig */;
			buildSettings = {
				ASSETCATALOG_COMPILER_APPICON_NAME = AppIcon;
				CODE_SIGN_STYLE = Automatic;
				DEVELOPMENT_TEAM = Z793E54W8T;
				INFOPLIST_FILE = TwitterPhotoApp/Info.plist;
				IPHONEOS_DEPLOYMENT_TARGET = 11.1;
				LD_RUNPATH_SEARCH_PATHS = "$(inherited) @executable_path/Frameworks";
				PRODUCT_BUNDLE_IDENTIFIER = cps.TwitterPhotoApp;
				PRODUCT_NAME = "$(TARGET_NAME)";
				SWIFT_VERSION = 4.0;
				TARGETED_DEVICE_FAMILY = "1,2";
			};
			name = Debug;
		};
		C09904601FB6E1F100722361 /* Release */ = {
			isa = XCBuildConfiguration;
			baseConfigurationReference = 4BDE519E4451F9A0C4EEAAE5 /* Pods-TwitterPhotoApp.release.xcconfig */;
			buildSettings = {
				ASSETCATALOG_COMPILER_APPICON_NAME = AppIcon;
				CODE_SIGN_STYLE = Automatic;
				DEVELOPMENT_TEAM = Z793E54W8T;
				INFOPLIST_FILE = TwitterPhotoApp/Info.plist;
				IPHONEOS_DEPLOYMENT_TARGET = 11.1;
				LD_RUNPATH_SEARCH_PATHS = "$(inherited) @executable_path/Frameworks";
				PRODUCT_BUNDLE_IDENTIFIER = cps.TwitterPhotoApp;
				PRODUCT_NAME = "$(TARGET_NAME)";
				SWIFT_VERSION = 4.0;
				TARGETED_DEVICE_FAMILY = "1,2";
			};
			name = Release;
		};
		C09904621FB6E1F100722361 /* Debug */ = {
			isa = XCBuildConfiguration;
			baseConfigurationReference = D2DA8EDCCCDD4151AAE14A1A /* Pods-TwitterPhotoAppTests.debug.xcconfig */;
			buildSettings = {
				ALWAYS_EMBED_SWIFT_STANDARD_LIBRARIES = YES;
				BUNDLE_LOADER = "$(TEST_HOST)";
				CODE_SIGN_STYLE = Automatic;
				DEVELOPMENT_TEAM = Z793E54W8T;
				INFOPLIST_FILE = TwitterPhotoAppTests/Info.plist;
				LD_RUNPATH_SEARCH_PATHS = "$(inherited) @executable_path/Frameworks @loader_path/Frameworks";
				PRODUCT_BUNDLE_IDENTIFIER = cps.TwitterPhotoAppTests;
				PRODUCT_NAME = "$(TARGET_NAME)";
				SWIFT_VERSION = 4.0;
				TARGETED_DEVICE_FAMILY = "1,2";
				TEST_HOST = "$(BUILT_PRODUCTS_DIR)/TwitterPhotoApp.app/TwitterPhotoApp";
			};
			name = Debug;
		};
		C09904631FB6E1F100722361 /* Release */ = {
			isa = XCBuildConfiguration;
			baseConfigurationReference = 6530B9D654707D9E1624D1BD /* Pods-TwitterPhotoAppTests.release.xcconfig */;
			buildSettings = {
				ALWAYS_EMBED_SWIFT_STANDARD_LIBRARIES = YES;
				BUNDLE_LOADER = "$(TEST_HOST)";
				CODE_SIGN_STYLE = Automatic;
				DEVELOPMENT_TEAM = Z793E54W8T;
				INFOPLIST_FILE = TwitterPhotoAppTests/Info.plist;
				LD_RUNPATH_SEARCH_PATHS = "$(inherited) @executable_path/Frameworks @loader_path/Frameworks";
				PRODUCT_BUNDLE_IDENTIFIER = cps.TwitterPhotoAppTests;
				PRODUCT_NAME = "$(TARGET_NAME)";
				SWIFT_VERSION = 4.0;
				TARGETED_DEVICE_FAMILY = "1,2";
				TEST_HOST = "$(BUILT_PRODUCTS_DIR)/TwitterPhotoApp.app/TwitterPhotoApp";
			};
			name = Release;
		};
		C09904651FB6E1F100722361 /* Debug */ = {
			isa = XCBuildConfiguration;
			baseConfigurationReference = FC2543F688517FD7D4F92863 /* Pods-TwitterPhotoAppUITests.debug.xcconfig */;
			buildSettings = {
				ALWAYS_EMBED_SWIFT_STANDARD_LIBRARIES = YES;
				CODE_SIGN_STYLE = Automatic;
				DEVELOPMENT_TEAM = Z793E54W8T;
				INFOPLIST_FILE = TwitterPhotoAppUITests/Info.plist;
				LD_RUNPATH_SEARCH_PATHS = "$(inherited) @executable_path/Frameworks @loader_path/Frameworks";
				PRODUCT_BUNDLE_IDENTIFIER = cps.TwitterPhotoAppUITests;
				PRODUCT_NAME = "$(TARGET_NAME)";
				SWIFT_VERSION = 4.0;
				TARGETED_DEVICE_FAMILY = "1,2";
				TEST_TARGET_NAME = TwitterPhotoApp;
			};
			name = Debug;
		};
		C09904661FB6E1F100722361 /* Release */ = {
			isa = XCBuildConfiguration;
			baseConfigurationReference = 7FAA6874E3F0E70C76FB4187 /* Pods-TwitterPhotoAppUITests.release.xcconfig */;
			buildSettings = {
				ALWAYS_EMBED_SWIFT_STANDARD_LIBRARIES = YES;
				CODE_SIGN_STYLE = Automatic;
				DEVELOPMENT_TEAM = Z793E54W8T;
				INFOPLIST_FILE = TwitterPhotoAppUITests/Info.plist;
				LD_RUNPATH_SEARCH_PATHS = "$(inherited) @executable_path/Frameworks @loader_path/Frameworks";
				PRODUCT_BUNDLE_IDENTIFIER = cps.TwitterPhotoAppUITests;
				PRODUCT_NAME = "$(TARGET_NAME)";
				SWIFT_VERSION = 4.0;
				TARGETED_DEVICE_FAMILY = "1,2";
				TEST_TARGET_NAME = TwitterPhotoApp;
			};
			name = Release;
		};
/* End XCBuildConfiguration section */

/* Begin XCConfigurationList section */
		C09904311FB6E1F100722361 /* Build configuration list for PBXProject "TwitterPhotoApp" */ = {
			isa = XCConfigurationList;
			buildConfigurations = (
				C099045C1FB6E1F100722361 /* Debug */,
				C099045D1FB6E1F100722361 /* Release */,
			);
			defaultConfigurationIsVisible = 0;
			defaultConfigurationName = Release;
		};
		C099045E1FB6E1F100722361 /* Build configuration list for PBXNativeTarget "TwitterPhotoApp" */ = {
			isa = XCConfigurationList;
			buildConfigurations = (
				C099045F1FB6E1F100722361 /* Debug */,
				C09904601FB6E1F100722361 /* Release */,
			);
			defaultConfigurationIsVisible = 0;
			defaultConfigurationName = Release;
		};
		C09904611FB6E1F100722361 /* Build configuration list for PBXNativeTarget "TwitterPhotoAppTests" */ = {
			isa = XCConfigurationList;
			buildConfigurations = (
				C09904621FB6E1F100722361 /* Debug */,
				C09904631FB6E1F100722361 /* Release */,
			);
			defaultConfigurationIsVisible = 0;
			defaultConfigurationName = Release;
		};
		C09904641FB6E1F100722361 /* Build configuration list for PBXNativeTarget "TwitterPhotoAppUITests" */ = {
			isa = XCConfigurationList;
			buildConfigurations = (
				C09904651FB6E1F100722361 /* Debug */,
				C09904661FB6E1F100722361 /* Release */,
			);
			defaultConfigurationIsVisible = 0;
			defaultConfigurationName = Release;
		};
/* End XCConfigurationList section */
	};
	rootObject = C099042E1FB6E1F100722361 /* Project object */;
}
